# 内嵌 mihomo 的版本与官方发布资产（build.rs 读取）
#
# 更新流程：
# 1. 改 version 与各 target 的 asset（asset 名含版本号）；
# 2. 用 GitHub Release API 的 digest 字段更新 archive_sha256：
#    https://api.github.com/repos/MetaCubeX/mihomo/releases/latest
# 3. 删除 vendor/mihomo/<target>/ 下对应文件（如有），重新构建。

version = "v1.19.31"

[targets."x86_64-pc-windows-msvc"]
asset = "mihomo-windows-amd64-v1.19.31.zip"
archive_sha256 = "38b2420799d9e7cde77ec1a19c7150dd17ca77f7fb82d9f62cb8763a307eee67"

[targets."aarch64-pc-windows-msvc"]
asset = "mihomo-windows-arm64-v1.19.31.zip"
archive_sha256 = "68659624a38ae1dbc4e1b92f45d4dc75da0eaedd4d732b0a6f01a308da945792"

[targets."x86_64-unknown-linux-gnu"]
asset = "mihomo-linux-amd64-v1.19.31.gz"
archive_sha256 = "d5e74bbddbdfff49a1aef7775bf5911da59f0d7196ed509a0ac914b3653dd5f1"

[targets."aarch64-unknown-linux-gnu"]
asset = "mihomo-linux-arm64-v1.19.31.gz"
archive_sha256 = "9e0f11afbf38426b8bd88fdc594678f8161c57eccb4e1b77acb12b493904f1d4"
